ocm.software/ocm v0.15.1-0.20250516115048-e55b4141fd61 h1:n+SeYZNENDI1avgQ21G5CbnCtV/gIR3ZKAvaLnnPQ6M=
ocm.software/ocm v0.15.1-0.20250516115048-e55b4141fd61/go.mod h1:9a3LjBegUsayn1ba6UWeOfoBfJArwRbSg5ja9U0jmic=
ocm.software/ocm v0.15.1-0.20250516160925-7bd773e08636 h1:g5foaBWvXDNMeLj7s7c1kzPOurvX1HHfRUVrKXiJs5E=
ocm.software/ocm v0.15.1-0.20250516160925-7bd773e08636/go.mod h1:9a3LjBegUsayn1ba6UWeOfoBfJArwRbSg5ja9U0jmic=
ocm.software/ocm v0.15.1-0.20250516161413-50bcc1f02c17 h1:DKBE6igqJKHED48wz8P+v26tgQtAu076FldiFpONFSI=
ocm.software/ocm v0.15.1-0.20250516161413-50bcc1f02c17/go.mod h1:9a3LjBegUsayn1ba6UWeOfoBfJArwRbSg5ja9U0jmic=
ocm.software/ocm v0.15.1-0.20250516165843-1fc1e1b2144a h1:MybpBl6jqbtQvYKL3HNYzAmJZ1DggemyURKBpPDizrQ=
ocm.software/ocm v0.15.1-0.20250516165843-1fc1e1b2144a/go.mod h1:9a3LjBegUsayn1ba6UWeOfoBfJArwRbSg5ja9U0jmic=
ocm.software/ocm v0.24.0 h1:aCVbWrW19QZLo8gpwWFdGkocJQO3pgk3/Mo5nLImDBM=
ocm.software/ocm v0.24.0/go.mod h1:uaGRLsrvPG7aWEel6MuDnen1XciClin30gnowCIeUS8=
