github.com/Masterminds/semver/v3 v3.4.0 h1:Zog+i5UMtVoCU8oKka5P7i9q9HgrJeGzI9SA1Xbatp0=
github.com/Masterminds/semver/v3 v3.4.0/go.mod h1:4V+yj/TJE1HU9XfppCwVMZq3I84lprf4nC11bSS5beM=
github.com/bahlo/generic-list-go v0.2.0 h1:5sz/EEAK+ls5wF+NeqDpk5+iNdMDXrh3z3nPnH1Wvgk=
github.com/bahlo/generic-list-go v0.2.0/go.mod h1:2KvAjgMlE5NNynlg/5iLrrCCZ2+5xWbdbCW3pNTGyYg=
github.com/buger/jsonparser v1.1.1 h1:2PnMjfWD7wBILjqQbt530v576A/cAbQvEW9gGIpYMUs=
github.com/buger/jsonparser v1.1.1/go.mod h1:6RYKKt7H4d4+iWqouImQ9R2FZql3VbhNgx27UK13J/0=
github.com/clipperhouse/stringish v0.1.1 h1:+NSqMOr3GR6k1FdRhhnXrLfztGzuG+VuFDfatpWHKCs=
github.com/clipperhouse/stringish v0.1.1/go.mod h1:v/WhFtE1q0ovMta2+m+UbpZ+2/HEXNWYXQgCt4hdOzA=
github.com/clipperhouse/uax29/v2 v2.3.0 h1:SNdx9DVUqMoBuBoW3iLOj4FQv3dN5mDtuqwuhIGpJy4=
github.com/clipperhouse/uax29/v2 v2.3.0/go.mod h1:Wn1g7MK6OoeDT0vL+Q0SQLDz/KpfsVRgg6W7ihQeh4g=
github.com/cpuguy83/go-md2man/v2 v2.0.6/go.mod h1:oOW0eioCTA6cOiMLiUPZOpcVxMig6NIQQ7OS05n1F4g=
github.com/cpuguy83/go-md2man/v2 v2.0.7 h1:zbFlGlXEAKlwXpmvle3d8Oe3YnkKIK4xSRTd3sHPnBo=
github.com/cpuguy83/go-md2man/v2 v2.0.7/go.mod h1:oOW0eioCTA6cOiMLiUPZOpcVxMig6NIQQ7OS05n1F4g=
github.com/cyberphone/json-canonicalization v0.0.0-20241213102144-19d51d7fe467 h1:uX1JmpONuD549D73r6cgnxyUu18Zb7yHAy5AYU0Pm4Q=
github.com/cyberphone/json-canonicalization v0.0.0-20241213102144-19d51d7fe467/go.mod h1:uzvlm1mxhHkdfqitSA92i7Se+S9ksOn3a3qmv/kyOCw=
github.com/gabriel-vasile/mimetype v1.4.11 h1:AQvxbp830wPhHTqc1u7nzoLT+ZFxGY7emj5DR5DYFik=
github.com/gabriel-vasile/mimetype v1.4.11/go.mod h1:d+9Oxyo1wTzWdyVUPMmXFvp4F9tea18J8ufA774AB3s=
github.com/go-logr/logr v1.4.3 h1:CjnDlHq8ikf6E492q6eKboGOC0T8CDaOvkHCIg8idEI=
github.com/go-logr/logr v1.4.3/go.mod h1:9T104GzyrTigFIr8wt5mBrctHMim0Nb2HLGrmQ40KvY=
github.com/gobwas/glob v0.2.3 h1:A4xDbljILXROh+kObIiy5kIaPYD8e96x1tgBhUI5J+Y=
github.com/gobwas/glob v0.2.3/go.mod h1:d3Ez4x06l9bZtSvzIay5+Yzi0fmZzPgnTbPcKjJAkT8=
github.com/inconshreveable/mousetrap v1.1.0 h1:wN+x4NVGpMsO7ErUn/mUI3vEoE6Jt13X2s0bqwp9tc8=
github.com/inconshreveable/mousetrap v1.1.0/go.mod h1:vpF70FUmC8bwa3OWnCshd2FqLfsEA9PFc4w1p2J65bw=
github.com/invopop/jsonschema v0.13.0 h1:KvpoAJWEjR3uD9Kbm2HWJmqsEaHt8lBUpd0qHcIi21E=
github.com/invopop/jsonschema v0.13.0/go.mod h1:ffZ5Km5SWWRAIN6wbDXItl95euhFz2uON45H2qjYt+0=
github.com/jedib0t/go-pretty/v6 v6.7.5 h1:9dJSWTJnsXJVVAbvxIFxeHf/JxoJd7GUl5o3UzhtuiM=
github.com/jedib0t/go-pretty/v6 v6.7.5/go.mod h1:YwC5CE4fJ1HFUDeivSV1r//AmANFHyqczZk+U6BDALU=
github.com/mailru/easyjson v0.9.1 h1:LbtsOm5WAswyWbvTEOqhypdPeZzHavpZx96/n553mR8=
github.com/mailru/easyjson v0.9.1/go.mod h1:1+xMtQp2MRNVL/V1bOzuP3aP8VNwRW55fQUto+XFtTU=
github.com/mattn/go-runewidth v0.0.19 h1:v++JhqYnZuu5jSKrk9RbgF5v4CGUjqRfBm05byFGLdw=
github.com/mattn/go-runewidth v0.0.19/go.mod h1:XBkDxAl56ILZc9knddidhrOlY5R/pDhgLpndooCuJAs=
github.com/nlepage/go-tarfs v1.2.1 h1:o37+JPA+ajllGKSPfy5+YpsNHDjZnAoyfvf5GsUa+Ks=
github.com/nlepage/go-tarfs v1.2.1/go.mod h1:rno18mpMy9aEH1IiJVftFsqPyIpwqSUiAOpJYjlV2NA=
github.com/opencontainers/go-digest v1.0.0 h1:apOUWs51W5PlhuyGyz9FCeeBIOUDA/6nW8Oi/yOhh5U=
github.com/opencontainers/go-digest v1.0.0/go.mod h1:0JzlMkj0TRzQZfJkVvzbP0HBR3IKzErnv2BNG4W4MAM=
github.com/opencontainers/image-spec v1.1.1 h1:y0fUlFfIZhPF1W537XOLg0/fcx6zcHCJwooC2xJA040=
github.com/opencontainers/image-spec v1.1.1/go.mod h1:qpqAh3Dmcf36wStyyWU+kCeDgrGnAve2nCC8+7h8Q0M=
github.com/russross/blackfriday v1.6.0 h1:KqfZb0pUVN2lYqZUYRddxF4OR8ZMURnJIG5Y3VRLtww=
github.com/russross/blackfriday v1.6.0/go.mod h1:ti0ldHuxg49ri4ksnFxlkCfN+hvslNlmVHqNRXXJNAY=
github.com/russross/blackfriday/v2 v2.1.0 h1:JIOH55/0cWyOuilr9/qlrm0BSXldqnqwMsf35Ld67mk=
github.com/russross/blackfriday/v2 v2.1.0/go.mod h1:+Rmxgy9KzJVeS9/2gXHxylqXiyQDYRxCVz55jmeOWTM=
github.com/santhosh-tekuri/jsonschema/v6 v6.0.2 h1:KRzFb2m7YtdldCEkzs6KqmJw4nqEVZGK7IN2kJkjTuQ=
github.com/santhosh-tekuri/jsonschema/v6 v6.0.2/go.mod h1:JXeL+ps8p7/KNMjDQk3TCwPpBy0wYklyWTfbkIzdIFU=
github.com/spf13/cobra v1.10.1 h1:lJeBwCfmrnXthfAupyUTzJ/J4Nc1RsHC/mSRU2dll/s=
github.com/spf13/cobra v1.10.1/go.mod h1:7SmJGaTHFVBY0jW4NXGluQoLvhqFQM+6XSKD+P4XaB0=
github.com/spf13/pflag v1.0.9/go.mod h1:McXfInJRrz4CZXVZOBLb0bTZqETkiAhM9Iw0y3An2Bg=
github.com/spf13/pflag v1.0.10 h1:4EBh2KAYBwaONj6b2Ye1GiHfwjqyROoF4RwYO+vPwFk=
github.com/spf13/pflag v1.0.10/go.mod h1:McXfInJRrz4CZXVZOBLb0bTZqETkiAhM9Iw0y3An2Bg=
github.com/veqryn/slog-context v0.8.0 h1:lDhwAgjwx52K5StqqQzi5d0Y/F4SNyGZbsXGd8MtucM=
github.com/veqryn/slog-context v0.8.0/go.mod h1:8rsT72p0kzzN9lmkwtabIhxg7ZkpnKblt9x3Eix8Tc0=
github.com/wk8/go-ordered-map/v2 v2.1.8 h1:5h/BUHu93oj4gIdvHHHGsScSTMijfx5PeYkE/fJgbpc=
github.com/wk8/go-ordered-map/v2 v2.1.8/go.mod h1:5nJHM5DyteebpVlHnWMV0rPz6Zp7+xBAnxjb1X5vnTw=
go.yaml.in/yaml/v2 v2.4.3 h1:6gvOSjQoTB3vt1l+CU+tSyi/HOjfOjRLJ4YwYZGwRO0=
go.yaml.in/yaml/v2 v2.4.3/go.mod h1:zSxWcmIDjOzPXpjlTTbAsKokqkDNAVtZO0WOMiT90s8=
golang.org/x/sync v0.18.0 h1:kr88TuHDroi+UVf+0hZnirlk8o8T+4MrK6mr60WkH/I=
golang.org/x/sync v0.18.0/go.mod h1:9KTHXmSnoGruLpwFjVSX0lNNA75CykiMECbovNTZqGI=
golang.org/x/sys v0.38.0 h1:3yZWxaJjBmCWXqhN1qh02AkOnCQ1poK6oF+a7xWL6Gc=
golang.org/x/sys v0.38.0/go.mod h1:OgkHotnGiDImocRcuBABYBEXf8A9a87e/uXjp9XT3ks=
golang.org/x/text v0.31.0 h1:aC8ghyu4JhP8VojJ2lEHBnochRno1sgL6nEi9WGFGMM=
golang.org/x/text v0.31.0/go.mod h1:tKRAlv61yKIjGGHX/4tP1LTbc13YSec1pxVEWXzfoeM=
gopkg.in/check.v1 v0.0.0-20161208181325-20d25e280405/go.mod h1:Co6ibVJAznAaIkqp8huTwlJQCZ016jof/cbN4VW5Yz0=
gopkg.in/yaml.v3 v3.0.1 h1:fxVm/GzAzEWqLHuvctI91KS9hhNmmWOoWu0XTYJS7CA=
gopkg.in/yaml.v3 v3.0.1/go.mod h1:K4uyk7z7BCEPqu6E+C64Yfv1cQ7kz7rIZviUmN+EgEM=
ocm.software/open-component-model/bindings/go/blob v0.0.10 h1:obAa1xSeoOqu7QfFTz2rvSSAsqXoilXPscQPN5Cyi64=
ocm.software/open-component-model/bindings/go/blob v0.0.10/go.mod h1:ZBMUfs2JfIIAy8nhJMimxDJC0+KCUmegBPHuBYXjs+M=
ocm.software/open-component-model/bindings/go/configuration v0.0.9 h1:bfgPD2G3fgmcbRYw0WXO3Fnx7+0G4gOV54JnYXgQY7w=
ocm.software/open-component-model/bindings/go/configuration v0.0.9/go.mod h1:VZ8jQ3a6oTWyOpY09C7V3L0CfzKe9i1/Z4uJjLAVjN4=
ocm.software/open-component-model/bindings/go/constructor v0.0.1 h1:uSYpIwLOWI4wlG+jRdISJylgtQlJk8X0FEvCuNcn3SM=
ocm.software/open-component-model/bindings/go/constructor v0.0.1/go.mod h1:2xa5MuleDJ7ug3L13K3AMR193Vv7yMk1QglyYmxjeiQ=
ocm.software/open-component-model/bindings/go/credentials v0.0.3 h1:QFTwLPXQo7Y959GRFq/Zy9j5oQo2vnoDO5zKNIHdjP0=
ocm.software/open-component-model/bindings/go/credentials v0.0.3/go.mod h1:hGguMD6I9HnjI0GBBv8BfFpfBSZmLzEMnAJ4eOUMLmc=
ocm.software/open-component-model/bindings/go/ctf v0.3.0 h1:u1B26OgUvR+gzTwY0hTVdZgFIXv5uwdI8reEvCcjNV4=
ocm.software/open-component-model/bindings/go/ctf v0.3.0/go.mod h1:skMxA1l7rZFhKsjn8CysSVG31zjmV95WaFqMVKRjHug=
ocm.software/open-component-model/bindings/go/dag v0.0.6 h1:To76QJAmFD88C101oB/HgYvtomp8mm0270ewDLcVncw=
ocm.software/open-component-model/bindings/go/dag v0.0.6/go.mod h1:mQbO95zYvX59VXNJGer4+wGsKY0BVI4FKwlR5BlPugM=
ocm.software/open-component-model/bindings/go/descriptor/normalisation v0.0.0-20251120102816-a8bdc5b2f71b h1:3Yq3EwVTccKyHnvdxZoGmjsaArdgFp0Q1B7DNlS69tg=
ocm.software/open-component-model/bindings/go/descriptor/normalisation v0.0.0-20251120102816-a8bdc5b2f71b/go.mod h1:8blMQhzqtDYmtGn9ooIT/VzFsYtWCpu6IbYAVgQUr2M=
ocm.software/open-component-model/bindings/go/descriptor/runtime v0.0.0-20251120102816-a8bdc5b2f71b h1:ghZf+IohvExnAT6hyXegSt/hzV6yB1aABV4WkX7uQ0A=
ocm.software/open-component-model/bindings/go/descriptor/runtime v0.0.0-20251120102816-a8bdc5b2f71b/go.mod h1:IOiJBpfhjE/c8UHDBxPM/EOKT+0FhPVWQO7Cu0uYoMc=
ocm.software/open-component-model/bindings/go/descriptor/v2 v2.0.1-alpha3 h1:daGC2XnJEJkukGdhvKxobUH+vF5TKYPlVQ6nl5ASdFM=
ocm.software/open-component-model/bindings/go/descriptor/v2 v2.0.1-alpha3/go.mod h1:nnLzPfpD2zy9YUgIuQxA3vCmUUKFQqSCl6jFAQXVE8M=
ocm.software/open-component-model/bindings/go/input/dir v0.0.1 h1:txRJzPN8jLPHKY3kQTRGTFNWCNch2e/HbTqE/G+KHVs=
ocm.software/open-component-model/bindings/go/input/dir v0.0.1/go.mod h1:tD0ZDAL7GdE3tZ4B2MU/TEr8W5lmQ74hvflTM7NDipc=
ocm.software/open-component-model/bindings/go/input/file v0.0.2 h1:kosddb/Se2r7XGFryC3upKSEI16P6RxQmg16Mb0Ph6Y=
ocm.software/open-component-model/bindings/go/input/file v0.0.2/go.mod h1:FJ2UVbSiqBjzw//Dn44CJRf0Bg+8SQ8YSsHgQCDFwDw=
ocm.software/open-component-model/bindings/go/input/utf8 v0.0.0-20251120102816-a8bdc5b2f71b h1:UjSHdf6iWCwqj9XfCZqc0zfu4bmXzWLlznTYofu7zhQ=
ocm.software/open-component-model/bindings/go/input/utf8 v0.0.0-20251120102816-a8bdc5b2f71b/go.mod h1:j7tABuxrRdQCponb8ZpLES6ulcCGTNwFwZl1gkVhWVA=
ocm.software/open-component-model/bindings/go/oci v0.0.12 h1:33PKed6iOC2G2xphGSwsZsNQMaD35V48CumtIGaB12k=
ocm.software/open-component-model/bindings/go/oci v0.0.12/go.mod h1:/7TZxlZwyo6gvCaWTW8QMaZ2TMmRpfaoKfv6eSCRJA4=
ocm.software/open-component-model/bindings/go/plugin v0.0.10 h1:Ca0ziLN/O6G4N317QRsCGcVawWKGMyihnxLFeXb3HFo=
ocm.software/open-component-model/bindings/go/plugin v0.0.10/go.mod h1:Gw3HIYzdj3ZGUZzy0c+iIDWlVjRwcAjy9Jbb2ofk4aw=
ocm.software/open-component-model/bindings/go/repository v0.0.3 h1:Enwxm8XldcsQYqG3P5vAY00Q2MRIdcG/XmWwj0vZjlY=
ocm.software/open-component-model/bindings/go/repository v0.0.3/go.mod h1:LyfD9ouKjHF+ZWmVNDeGi7KVmcLti/wPQQB3Gx3QvE8=
ocm.software/open-component-model/bindings/go/rsa v0.0.0-20251120102816-a8bdc5b2f71b h1:6uoeT95BDO1HNcCXa5mq8ZSGWzOKUSsv8ZvLRJ3UKOQ=
ocm.software/open-component-model/bindings/go/rsa v0.0.0-20251120102816-a8bdc5b2f71b/go.mod h1:IAHmV82DoBCGq4ffHHtPjCr9Yb657cts+NMHB0OhcJg=
ocm.software/open-component-model/bindings/go/runtime v0.0.2 h1:YA20enOxMsk4gDWF+Anltwkc616dXebfgPz/0Bl0EKE=
ocm.software/open-component-model/bindings/go/runtime v0.0.2/go.mod h1:9qeyWvvxkua6NyDVGxeQV6B022WqoAfdU/JnuImm1ws=
ocm.software/open-component-model/bindings/go/signing v0.0.0-20251120102816-a8bdc5b2f71b h1:rAsDnf5x0HWPe1ddM6mhwoR6JLfw/BwetF1XBTpoQ9s=
ocm.software/open-component-model/bindings/go/signing v0.0.0-20251120102816-a8bdc5b2f71b/go.mod h1:MHuOuBMQRm/UmaTayWNWbdekn1TMtIYDyhNPpcjsvCQ=
ocm.software/open-component-model/cli v0.0.0-20250923093935-2a2e32661c39 h1:sZftra6w7htu6DohMbr3J2XUwapYr/yewbgkCBloCT4=
ocm.software/open-component-model/cli v0.0.0-20250923093935-2a2e32661c39/go.mod h1:T57RDnv+7ltwAzIZg7I0h2CDliXOtfbxlKUl4vExQAU=
ocm.software/open-component-model/cli v0.0.0-20251120102816-a8bdc5b2f71b h1:TuJvwn/0P/WQhLTwsT09b7dVTuvjpc0PxroYVXohBGw=
ocm.software/open-component-model/cli v0.0.0-20251120102816-a8bdc5b2f71b/go.mod h1:IjASLoXbZeU0BA7yxggrc7yTxN06qv7fJ5lZGZsklQI=
oras.land/oras-go/v2 v2.6.0 h1:X4ELRsiGkrbeox69+9tzTu492FMUu7zJQW6eJU+I2oc=
oras.land/oras-go/v2 v2.6.0/go.mod h1:magiQDfG6H1O9APp+rOsvCPcW1GD2MM7vgnKY0Y+u1o=
sigs.k8s.io/yaml v1.6.0 h1:G8fkbMSAFqgEFgh4b1wmtzDnioxFCUgTZhlbj5P9QYs=
sigs.k8s.io/yaml v1.6.0/go.mod h1:796bPqUfzR/0jLAl6XjHl3Ck7MiyVv8dbTdyT3/pMf4=
